
Microsoft Visual Studio Solution File, Format Version 12.00
# Visual Studio 14
VisualStudioVersion = 14.0.25123.0
MinimumVisualStudioVersion = 10.0.40219.1
Project("{2150E333-8FDC-42A3-9474-1A3956D46DE8}") = "Solution Items", "Solution Items", "{704890F9-4DA2-4117-AC59-C4FB0E65B126}"
EndProject
Project("{E24C65DC-7377-472B-9ABA-BC803B73C61A}") = "deli", ".", "{43489563-1119-4F7A-A3B2-D4EBBF1A7A59}"
	ProjectSection(WebsiteProperties) = preProject
		TargetFrameworkMoniker = ".NETFramework,Version%3Dv4.0"
		Debug.AspNetCompiler.VirtualPath = "/localhost_59906"
		Debug.AspNetCompiler.PhysicalPath = "..\deli\"
		Debug.AspNetCompiler.TargetPath = "PrecompiledWeb\localhost_59906\"
		Debug.AspNetCompiler.Updateable = "true"
		Debug.AspNetCompiler.ForceOverwrite = "true"
		Debug.AspNetCompiler.FixedNames = "false"
		Debug.AspNetCompiler.Debug = "True"
		Release.AspNetCompiler.VirtualPath = "/localhost_59906"
		Release.AspNetCompiler.PhysicalPath = "..\deli\"
		Release.AspNetCompiler.TargetPath = "PrecompiledWeb\localhost_59906\"
		Release.AspNetCompiler.Updateable = "true"
		Release.AspNetCompiler.ForceOverwrite = "true"
		Release.AspNetCompiler.FixedNames = "false"
		Release.AspNetCompiler.Debug = "False"
		VWDPort = "59906"
		SlnRelativePath = "..\deli\"
	EndProjectSection
EndProject
Global
	GlobalSection(SolutionConfigurationPlatforms) = preSolution
		Debug|Any CPU = Debug|Any CPU
	EndGlobalSection
	GlobalSection(ProjectConfigurationPlatforms) = postSolution
		{43489563-1119-4F7A-A3B2-D4EBBF1A7A59}.Debug|Any CPU.ActiveCfg = Debug|Any CPU
		{43489563-1119-4F7A-A3B2-D4EBBF1A7A59}.Debug|Any CPU.Build.0 = Debug|Any CPU
	EndGlobalSection
	GlobalSection(SolutionProperties) = preSolution
		HideSolutionNode = FALSE
	EndGlobalSection
	GlobalSection(NestedProjects) = preSolution
		{43489563-1119-4F7A-A3B2-D4EBBF1A7A59} = {704890F9-4DA2-4117-AC59-C4FB0E65B126}
	EndGlobalSection
EndGlobal
